
Microsoft Visual Studio Solution File, Format Version 12.00
# Visual Studio Version 17
VisualStudioVersion = 17.8.34511.84
MinimumVisualStudioVersion = 10.0.40219.1
Project("{FAE04EC0-301F-11D3-BF4B-00C04F79EFBC}") = "HelloWorld", "HelloWorld\HelloWorld.csproj", "{74005B5B-AF51-4E56-AEC2-918BE3E0DA83}"
EndProject
Global
	GlobalSection(SolutionConfigurationPlatforms) = preSolution
		Debug|Any CPU = Debug|Any CPU
		Release|Any CPU = Release|Any CPU
	EndGlobalSection
	GlobalSection(ProjectConfigurationPlatforms) = postSolution
		{74005B5B-AF51-4E56-AEC2-918BE3E0DA83}.Debug|Any CPU.ActiveCfg = Debug|Any CPU
		{74005B5B-AF51-4E56-AEC2-918BE3E0DA83}.Debug|Any CPU.Build.0 = Debug|Any CPU
		{74005B5B-AF51-4E56-AEC2-918BE3E0DA83}.Release|Any CPU.ActiveCfg = Release|Any CPU
		{74005B5B-AF51-4E56-AEC2-918BE3E0DA83}.Release|Any CPU.Build.0 = Release|Any CPU
	EndGlobalSection
	GlobalSection(SolutionProperties) = preSolution
		HideSolutionNode = FALSE
	EndGlobalSection
	GlobalSection(ExtensibilityGlobals) = postSolution
		SolutionGuid = {8C926D40-D031-4714-A9B2-A3343A3A94C0}
	EndGlobalSection
EndGlobal
